
Microsoft Visual Studio Solution File, Format Version 12.00
# Visual Studio Version 16
VisualStudioVersion = 16.0.33214.272
MinimumVisualStudioVersion = 10.0.40219.1
Project("{FAE04EC0-301F-11D3-BF4B-00C04F79EFBC}") = "ProjetoWebProver", "ProjetoWebProver\ProjetoWebProver.csproj", "{1EE5CED1-35C9-452F-A5DC-5D58BA0A0235}"
EndProject
Global
	GlobalSection(SolutionConfigurationPlatforms) = preSolution
		Debug|Any CPU = Debug|Any CPU
		Release|Any CPU = Release|Any CPU
	EndGlobalSection
	GlobalSection(ProjectConfigurationPlatforms) = postSolution
		{1EE5CED1-35C9-452F-A5DC-5D58BA0A0235}.Debug|Any CPU.ActiveCfg = Debug|Any CPU
		{1EE5CED1-35C9-452F-A5DC-5D58BA0A0235}.Debug|Any CPU.Build.0 = Debug|Any CPU
		{1EE5CED1-35C9-452F-A5DC-5D58BA0A0235}.Release|Any CPU.ActiveCfg = Release|Any CPU
		{1EE5CED1-35C9-452F-A5DC-5D58BA0A0235}.Release|Any CPU.Build.0 = Release|Any CPU
	EndGlobalSection
	GlobalSection(SolutionProperties) = preSolution
		HideSolutionNode = FALSE
	EndGlobalSection
	GlobalSection(ExtensibilityGlobals) = postSolution
		SolutionGuid = {342CD745-9E9B-4823-9303-CEE7DA8AE23A}
	EndGlobalSection
EndGlobal
